dependencies:
- name: etcd
  repository: https://charts.bitnami.com/bitnami
  version: 8.8.0
- name: apisix-dashboard
  repository: https://charts.apiseven.com
  version: 0.8.0
- name: apisix-ingress-controller
  repository: https://charts.apiseven.com
  version: 0.11.3
digest: sha256:db0621463bdca34fd6e153b092b8b8bb43f62a19ceb18e94617510f0540b973f
generated: "2023-03-15T18:33:10.774912+02:00"
